
Microsoft Visual Studio Solution File, Format Version 12.00
# Visual Studio Version 16
VisualStudioVersion = 16.0.29920.165
MinimumVisualStudioVersion = 10.0.40219.1
Project("{FAE04EC0-301F-11D3-BF4B-00C04F79EFBC}") = "SKRMConn", "SKRMConn\SKRMConn.csproj", "{EF9EA1D1-1B55-4917-BB8F-0BBC8130A333}"
EndProject
Global
	GlobalSection(SolutionConfigurationPlatforms) = preSolution
		Debug|Any CPU = Debug|Any CPU
		Release|Any CPU = Release|Any CPU
	EndGlobalSection
	GlobalSection(ProjectConfigurationPlatforms) = postSolution
		{EF9EA1D1-1B55-4917-BB8F-0BBC8130A333}.Debug|Any CPU.ActiveCfg = Debug|Any CPU
		{EF9EA1D1-1B55-4917-BB8F-0BBC8130A333}.Debug|Any CPU.Build.0 = Debug|Any CPU
		{EF9EA1D1-1B55-4917-BB8F-0BBC8130A333}.Release|Any CPU.ActiveCfg = Release|Any CPU
		{EF9EA1D1-1B55-4917-BB8F-0BBC8130A333}.Release|Any CPU.Build.0 = Release|Any CPU
	EndGlobalSection
	GlobalSection(SolutionProperties) = preSolution
		HideSolutionNode = FALSE
	EndGlobalSection
	GlobalSection(ExtensibilityGlobals) = postSolution
		SolutionGuid = {096A180F-2301-41D7-AAE6-BDBAF5F1BCC7}
	EndGlobalSection
EndGlobal
